
Microsoft Visual Studio Solution File, Format Version 12.00
# Visual Studio Version 17
VisualStudioVersion = 17.5.33502.453
MinimumVisualStudioVersion = 10.0.40219.1
Project("{FAE04EC0-301F-11D3-BF4B-00C04F79EFBC}") = "newTest", "newTest\newTest.csproj", "{950CD6C4-0CB6-44D6-8B9C-E07DEA2C34AB}"
EndProject
Global
	GlobalSection(SolutionConfigurationPlatforms) = preSolution
		Debug|Any CPU = Debug|Any CPU
		Release|Any CPU = Release|Any CPU
	EndGlobalSection
	GlobalSection(ProjectConfigurationPlatforms) = postSolution
		{950CD6C4-0CB6-44D6-8B9C-E07DEA2C34AB}.Debug|Any CPU.ActiveCfg = Debug|Any CPU
		{950CD6C4-0CB6-44D6-8B9C-E07DEA2C34AB}.Debug|Any CPU.Build.0 = Debug|Any CPU
		{950CD6C4-0CB6-44D6-8B9C-E07DEA2C34AB}.Release|Any CPU.ActiveCfg = Release|Any CPU
		{950CD6C4-0CB6-44D6-8B9C-E07DEA2C34AB}.Release|Any CPU.Build.0 = Release|Any CPU
	EndGlobalSection
	GlobalSection(SolutionProperties) = preSolution
		HideSolutionNode = FALSE
	EndGlobalSection
	GlobalSection(ExtensibilityGlobals) = postSolution
		SolutionGuid = {8E5F47E9-6731-46EF-8B31-42DF8962C8F5}
	EndGlobalSection
EndGlobal
